github.com/mmyoji/go-monkey v0.0.0-20180912052152-5c7a671bb1f9/go.mod h1:d2qqjI5Tk8adDQyCN0b+T4uoKfwV/Tb+q6GALYAW3q8=
github.com/monkey-lang/monkey v0.0.0-20200411182103-fd49a30fa445 h1:eq02ywVBb53KFEli4Lo6bABFdC5F+P+/UgrFefYpq+Y=
github.com/monkey-lang/monkey v0.0.0-20200411182103-fd49a30fa445/go.mod h1:ESBaEjYY/37AaSO/9+VAYTEGQbGiLi1smeP/d+MnVj0=
